<?xml version="1.0" encoding="utf-8"?>
<Project ToolsVersion="4.0" xmlns="http://schemas.microsoft.com/developer/msbuild/2003">
  <ItemGroup>
    <Filter Include="Source Files">
      <UniqueIdentifier>{4FC737F1-C7A5-4376-A066-2A32D752A2FF}</UniqueIdentifier>
      <Extensions>cpp;c;cc;cxx;def;odl;idl;hpj;bat;asm;asmx</Extensions>
    </Filter>
    <Filter Include="Header Files">
      <UniqueIdentifier>{93995380-89BD-4b04-88EB-625FBE52EBFB}</UniqueIdentifier>
      <Extensions>h;hh;hpp;hxx;hm;inl;inc;xsd</Extensions>
    </Filter>
    <Filter Include="Resource Files">
      <UniqueIdentifier>{67DA6AB6-F800-4c08-8B7A-83BB121AAD01}</UniqueIdentifier>
      <Extensions>rc;ico;cur;bmp;dlg;rc2;rct;bin;rgs;gif;jpg;jpeg;jpe;resx;tiff;tif;png;wav;mfcribbon-ms</Extensions>
    </Filter>
  </ItemGroup>
  <ItemGroup>
    <ClCompile Include="source\common\asserts.cpp">
      <Filter>Source Files</Filter>
    </ClCompile>
    <ClCompile Include="source\compiler\ast.cpp">
      <Filter>Source Files</Filter>
    </ClCompile>
    <ClCompile Include="source\compiler\ast_builder.cpp">
      <Filter>Source Files</Filter>
    </ClCompile>
    <ClCompile Include="source\compiler\ast_validator.cpp">
      <Filter>Source Files</Filter>
    </ClCompile>
    <ClCompile Include="source\compiler\compiler.cpp">
      <Filter>Source Files</Filter>
    </ClCompile>
    <ClCompile Include="source\compiler\compiler_main.cpp">
      <Filter>Source Files</Filter>
    </ClCompile>
    <ClCompile Include="source\compiler\compiler_utility.cpp">
      <Filter>Source Files</Filter>
    </ClCompile>
    <ClCompile Include="source\compiler\execution_graph_builder.cpp">
      <Filter>Source Files</Filter>
    </ClCompile>
    <ClCompile Include="source\compiler\execution_graph_optimizer.cpp">
      <Filter>Source Files</Filter>
    </ClCompile>
    <ClCompile Include="source\compiler\lexer.cpp">
      <Filter>Source Files</Filter>
    </ClCompile>
    <ClCompile Include="source\compiler\lr_parser.cpp">
      <Filter>Source Files</Filter>
    </ClCompile>
    <ClCompile Include="source\compiler\parser.cpp">
      <Filter>Source Files</Filter>
    </ClCompile>
    <ClCompile Include="source\compiler\preprocessor.cpp">
      <Filter>Source Files</Filter>
    </ClCompile>
    <ClCompile Include="source\execution_graph\execution_graph.cpp">
      <Filter>Source Files</Filter>
    </ClCompile>
    <ClCompile Include="source\execution_graph\native_modules.cpp">
      <Filter>Source Files</Filter>
    </ClCompile>
    <ClCompile Include="source\driver\driver_interface.cpp">
      <Filter>Source Files</Filter>
    </ClCompile>
    <ClCompile Include="source\runtime\command_line_interface.cpp">
      <Filter>Source Files</Filter>
    </ClCompile>
    <ClCompile Include="source\engine\task_graph.cpp">
      <Filter>Source Files</Filter>
    </ClCompile>
    <ClCompile Include="source\engine\task_functions.cpp">
      <Filter>Source Files</Filter>
    </ClCompile>
    <ClCompile Include="source\engine\predecessor_resolver.cpp">
      <Filter>Source Files</Filter>
    </ClCompile>
    <ClCompile Include="source\common\threading\lock_free.cpp">
      <Filter>Source Files</Filter>
    </ClCompile>
    <ClCompile Include="source\common\threading\lock_free_pool.cpp">
      <Filter>Source Files</Filter>
    </ClCompile>
    <ClCompile Include="source\engine\thread_pool.cpp">
      <Filter>Source Files</Filter>
    </ClCompile>
    <ClCompile Include="source\common\threading\lock_free_queue.inl">
      <Filter>Source Files</Filter>
    </ClCompile>
    <ClCompile Include="source\common\threading\mutex.cpp">
      <Filter>Source Files</Filter>
    </ClCompile>
    <ClCompile Include="source\common\threading\condition_variable.cpp">
      <Filter>Source Files</Filter>
    </ClCompile>
    <ClCompile Include="source\common\threading\semaphore.cpp">
      <Filter>Source Files</Filter>
    </ClCompile>
    <ClCompile Include="source\engine\executor.cpp">
      <Filter>Source Files</Filter>
    </ClCompile>
    <ClCompile Include="source\engine\buffer_allocator.cpp">
      <Filter>Source Files</Filter>
    </ClCompile>
    <ClCompile Include="source\runtime\runtime_context.cpp">
      <Filter>Source Files</Filter>
    </ClCompile>
    <ClCompile Include="source\driver\sample_format.cpp">
      <Filter>Source Files</Filter>
    </ClCompile>
    <ClCompile Include="source\engine\buffer_operations\buffer_operations.cpp">
      <Filter>Source Files</Filter>
    </ClCompile>
    <ClCompile Include="source\engine\channel_mixer.cpp">
      <Filter>Source Files</Filter>
    </ClCompile>
    <ClCompile Include="source\engine\native_module_task_mapping.cpp">
      <Filter>Source Files</Filter>
    </ClCompile>
    <ClCompile Include="source\common\threading\thread_windows.cpp">
      <Filter>Source Files</Filter>
    </ClCompile>
    <ClCompile Include="source\common\threading\thread_fallback.cpp">
      <Filter>Source Files</Filter>
    </ClCompile>
    <ClCompile Include="source\common\utility\string_table.cpp">
      <Filter>Source Files</Filter>
    </ClCompile>
    <ClCompile Include="source\common\utility\file_utility.cpp">
      <Filter>Source Files</Filter>
    </ClCompile>
    <ClCompile Include="source\engine\sample\sample_library.cpp">
      <Filter>Source Files</Filter>
    </ClCompile>
    <ClCompile Include="source\engine\sample\sample.cpp">
      <Filter>Source Files</Filter>
    </ClCompile>
    <ClCompile Include="source\engine\sample\native_samples.cpp">
      <Filter>Source Files</Filter>
    </ClCompile>
    <ClCompile Include="source\engine\buffer_operations\buffer_operations_sampler.cpp">
      <Filter>Source Files</Filter>
    </ClCompile>
    <ClCompile Include="source\engine\profiler\stopwatch.cpp">
      <Filter>Source Files</Filter>
    </ClCompile>
    <ClCompile Include="source\engine\profiler\profiler.cpp">
      <Filter>Source Files</Filter>
    </ClCompile>
  </ItemGroup>
  <ItemGroup>
    <ClInclude Include="source\common\asserts.h">
      <Filter>Header Files</Filter>
    </ClInclude>
    <ClInclude Include="source\common\common.h">
      <Filter>Header Files</Filter>
    </ClInclude>
    <ClInclude Include="source\common\types.h">
      <Filter>Header Files</Filter>
    </ClInclude>
    <ClInclude Include="source\compiler\ast.h">
      <Filter>Header Files</Filter>
    </ClInclude>
    <ClInclude Include="source\compiler\ast_builder.h">
      <Filter>Header Files</Filter>
    </ClInclude>
    <ClInclude Include="source\compiler\ast_validator.h">
      <Filter>Header Files</Filter>
    </ClInclude>
    <ClInclude Include="source\compiler\compiler.h">
      <Filter>Header Files</Filter>
    </ClInclude>
    <ClInclude Include="source\compiler\compiler_utility.h">
      <Filter>Header Files</Filter>
    </ClInclude>
    <ClInclude Include="source\compiler\execution_graph_builder.h">
      <Filter>Header Files</Filter>
    </ClInclude>
    <ClInclude Include="source\compiler\execution_graph_optimizer.h">
      <Filter>Header Files</Filter>
    </ClInclude>
    <ClInclude Include="source\compiler\lexer.h">
      <Filter>Header Files</Filter>
    </ClInclude>
    <ClInclude Include="source\compiler\lr_parser.h">
      <Filter>Header Files</Filter>
    </ClInclude>
    <ClInclude Include="source\compiler\parser.h">
      <Filter>Header Files</Filter>
    </ClInclude>
    <ClInclude Include="source\compiler\preprocessor.h">
      <Filter>Header Files</Filter>
    </ClInclude>
    <ClInclude Include="source\execution_graph\execution_graph.h">
      <Filter>Header Files</Filter>
    </ClInclude>
    <ClInclude Include="source\execution_graph\native_modules.h">
      <Filter>Header Files</Filter>
    </ClInclude>
    <ClInclude Include="source\driver\driver_interface.h">
      <Filter>Header Files</Filter>
    </ClInclude>
    <ClInclude Include="source\runtime\runtime_context.h">
      <Filter>Header Files</Filter>
    </ClInclude>
    <ClInclude Include="source\engine\task_graph.h">
      <Filter>Header Files</Filter>
    </ClInclude>
    <ClInclude Include="source\engine\task_functions.h">
      <Filter>Header Files</Filter>
    </ClInclude>
    <ClInclude Include="source\engine\predecessor_resolver.h">
      <Filter>Header Files</Filter>
    </ClInclude>
    <ClInclude Include="source\common\platform.h">
      <Filter>Header Files</Filter>
    </ClInclude>
    <ClInclude Include="source\common\threading\atomics.h">
      <Filter>Header Files</Filter>
    </ClInclude>
    <ClInclude Include="source\common\threading\lock_free.h">
      <Filter>Header Files</Filter>
    </ClInclude>
    <ClInclude Include="source\common\threading\lock_free_pool.h">
      <Filter>Header Files</Filter>
    </ClInclude>
    <ClInclude Include="source\common\threading\thread.h">
      <Filter>Header Files</Filter>
    </ClInclude>
    <ClInclude Include="source\common\macros.h">
      <Filter>Header Files</Filter>
    </ClInclude>
    <ClInclude Include="source\engine\thread_pool.h">
      <Filter>Header Files</Filter>
    </ClInclude>
    <ClInclude Include="source\common\threading\lock_free_queue.h">
      <Filter>Header Files</Filter>
    </ClInclude>
    <ClInclude Include="source\common\threading\mutex.h">
      <Filter>Header Files</Filter>
    </ClInclude>
    <ClInclude Include="source\common\threading\condition_variable.h">
      <Filter>Header Files</Filter>
    </ClInclude>
    <ClInclude Include="source\common\threading\semaphore.h">
      <Filter>Header Files</Filter>
    </ClInclude>
    <ClInclude Include="source\engine\executor.h">
      <Filter>Header Files</Filter>
    </ClInclude>
    <ClInclude Include="source\engine\buffer_allocator.h">
      <Filter>Header Files</Filter>
    </ClInclude>
    <ClInclude Include="source\driver\sample_format.h">
      <Filter>Header Files</Filter>
    </ClInclude>
    <ClInclude Include="source\engine\buffer_operations\buffer_operations_arithmetic.h">
      <Filter>Header Files</Filter>
    </ClInclude>
    <ClInclude Include="source\engine\buffer_operations\buffer_operations.h">
      <Filter>Header Files</Filter>
    </ClInclude>
    <ClInclude Include="source\engine\buffer.h">
      <Filter>Header Files</Filter>
    </ClInclude>
    <ClInclude Include="source\engine\channel_mixer.h">
      <Filter>Header Files</Filter>
    </ClInclude>
    <ClInclude Include="source\engine\native_module_task_mapping.h">
      <Filter>Header Files</Filter>
    </ClInclude>
    <ClInclude Include="source\engine\buffer_operations\buffer_operations_utility.h">
      <Filter>Header Files</Filter>
    </ClInclude>
    <ClInclude Include="source\common\utility\string_table.h">
      <Filter>Header Files</Filter>
    </ClInclude>
    <ClInclude Include="source\common\utility\file_utility.h">
      <Filter>Header Files</Filter>
    </ClInclude>
    <ClInclude Include="source\engine\sample\sample_library.h">
      <Filter>Header Files</Filter>
    </ClInclude>
    <ClInclude Include="source\engine\sample\sample.h">
      <Filter>Header Files</Filter>
    </ClInclude>
    <ClInclude Include="source\engine\sample\native_samples.h">
      <Filter>Header Files</Filter>
    </ClInclude>
    <ClInclude Include="source\engine\buffer_operations\buffer_operations_sampler.h">
      <Filter>Header Files</Filter>
    </ClInclude>
    <ClInclude Include="source\engine\math\math.h">
      <Filter>Header Files</Filter>
    </ClInclude>
    <ClInclude Include="source\engine\math\sse.h">
      <Filter>Header Files</Filter>
    </ClInclude>
    <ClInclude Include="source\engine\math\sse_mathfun.h">
      <Filter>Header Files</Filter>
    </ClInclude>
    <ClInclude Include="source\engine\math\math_real32_4.h">
      <Filter>Header Files</Filter>
    </ClInclude>
    <ClInclude Include="source\engine\math\math_int32_4.h">
      <Filter>Header Files</Filter>
    </ClInclude>
    <ClInclude Include="source\common\utility\aligned_allocator.h">
      <Filter>Header Files</Filter>
    </ClInclude>
    <ClInclude Include="source\engine\profiler\stopwatch.h">
      <Filter>Header Files</Filter>
    </ClInclude>
    <ClInclude Include="source\engine\profiler\profiler.h">
      <Filter>Header Files</Filter>
    </ClInclude>
  </ItemGroup>
  <ItemGroup>
    <None Include="source\compiler\compiler_utility.inl">
      <Filter>Header Files</Filter>
    </None>
    <None Include="source\common\threading\atomics_windows.inl">
      <Filter>Header Files</Filter>
    </None>
    <None Include="source\common\threading\atomics_fallback.inl">
      <Filter>Header Files</Filter>
    </None>
    <None Include="source\compiler\lr_parse_tables.inl">
      <Filter>Header Files</Filter>
    </None>
    <None Include="source\engine\sample\native_samples.inl">
      <Filter>Header Files</Filter>
    </None>
    <None Include="source\engine\math\math_real32_4.inl">
      <Filter>Header Files</Filter>
    </None>
    <None Include="source\engine\math\math_int32_4.inl">
      <Filter>Header Files</Filter>
    </None>
    <None Include="source\engine\buffer_operations\sinc_window_coefficients.inl">
      <Filter>Header Files</Filter>
    </None>
  </ItemGroup>
  <ItemGroup>
    <Text Include="source\compiler\execution_graph_optimization_rules.txt" />
    <Text Include="source\compiler\parser_rules.txt" />
  </ItemGroup>
  <ItemGroup>
    <Natvis Include="project.natvis" />
  </ItemGroup>
</Project>