<?xml version="1.0" encoding="utf-8"?>
<Project ToolsVersion="4.0" xmlns="http://schemas.microsoft.com/developer/msbuild/2003">
  <ItemGroup>
    <Filter Include="Source Files">
      <UniqueIdentifier>{4FC737F1-C7A5-4376-A066-2A32D752A2FF}</UniqueIdentifier>
      <Extensions>cpp;c;cc;cxx;def;odl;idl;hpj;bat;asm;asmx</Extensions>
    </Filter>
    <Filter Include="Header Files">
      <UniqueIdentifier>{93995380-89BD-4b04-88EB-625FBE52EBFB}</UniqueIdentifier>
      <Extensions>h;hh;hpp;hxx;hm;inl;inc;xsd</Extensions>
    </Filter>
    <Filter Include="Resource Files">
      <UniqueIdentifier>{67DA6AB6-F800-4c08-8B7A-83BB121AAD01}</UniqueIdentifier>
      <Extensions>rc;ico;cur;bmp;dlg;rc2;rct;bin;rgs;gif;jpg;jpeg;jpe;resx;tiff;tif;png;wav;mfcribbon-ms</Extensions>
    </Filter>
  </ItemGroup>
  <ItemGroup>
    <ClInclude Include="..\WaveLang\source\common\asserts.h">
      <Filter>Header Files</Filter>
    </ClInclude>
    <ClInclude Include="..\WaveLang\source\common\common.h">
      <Filter>Header Files</Filter>
    </ClInclude>
    <ClInclude Include="..\WaveLang\source\common\types.h">
      <Filter>Header Files</Filter>
    </ClInclude>
    <ClInclude Include="..\WaveLang\source\driver\driver_interface.h">
      <Filter>Header Files</Filter>
    </ClInclude>
    <ClInclude Include="..\WaveLang\source\execution_graph\execution_graph.h">
      <Filter>Header Files</Filter>
    </ClInclude>
    <ClInclude Include="..\WaveLang\source\execution_graph\native_modules.h">
      <Filter>Header Files</Filter>
    </ClInclude>
    <ClInclude Include="..\WaveLang\source\engine\task_functions.h">
      <Filter>Header Files</Filter>
    </ClInclude>
    <ClInclude Include="..\WaveLang\source\engine\task_graph.h">
      <Filter>Header Files</Filter>
    </ClInclude>
    <ClInclude Include="..\WaveLang\source\engine\predecessor_resolver.h">
      <Filter>Header Files</Filter>
    </ClInclude>
    <ClInclude Include="..\WaveLang\source\common\platform.h">
      <Filter>Header Files</Filter>
    </ClInclude>
    <ClInclude Include="..\WaveLang\source\common\threading\atomics.h">
      <Filter>Header Files</Filter>
    </ClInclude>
    <ClInclude Include="..\WaveLang\source\common\threading\lock_free.h">
      <Filter>Header Files</Filter>
    </ClInclude>
    <ClInclude Include="..\WaveLang\source\common\threading\lock_free_pool.h">
      <Filter>Header Files</Filter>
    </ClInclude>
    <ClInclude Include="..\WaveLang\source\engine\thread_pool.h">
      <Filter>Header Files</Filter>
    </ClInclude>
    <ClInclude Include="..\WaveLang\source\common\threading\lock_free_queue.h">
      <Filter>Header Files</Filter>
    </ClInclude>
    <ClInclude Include="..\WaveLang\source\common\threading\semaphore.h">
      <Filter>Header Files</Filter>
    </ClInclude>
    <ClInclude Include="..\WaveLang\source\common\threading\condition_variable.h">
      <Filter>Header Files</Filter>
    </ClInclude>
    <ClInclude Include="..\WaveLang\source\common\threading\mutex.h">
      <Filter>Header Files</Filter>
    </ClInclude>
    <ClInclude Include="..\WaveLang\source\engine\executor.h">
      <Filter>Header Files</Filter>
    </ClInclude>
    <ClInclude Include="..\WaveLang\source\engine\buffer_allocator.h">
      <Filter>Header Files</Filter>
    </ClInclude>
    <ClInclude Include="..\WaveLang\source\driver\sample_format.h">
      <Filter>Header Files</Filter>
    </ClInclude>
    <ClInclude Include="..\WaveLang\source\engine\buffer_operations\buffer_operations_arithmetic.h">
      <Filter>Header Files</Filter>
    </ClInclude>
    <ClInclude Include="..\WaveLang\source\engine\buffer_operations\sse.h">
      <Filter>Header Files</Filter>
    </ClInclude>
    <ClInclude Include="..\WaveLang\source\engine\buffer_operations\buffer_operations.h">
      <Filter>Header Files</Filter>
    </ClInclude>
    <ClInclude Include="..\WaveLang\source\engine\buffer.h">
      <Filter>Header Files</Filter>
    </ClInclude>
    <ClInclude Include="..\WaveLang\source\engine\channel_mixer.h">
      <Filter>Header Files</Filter>
    </ClInclude>
    <ClInclude Include="..\WaveLang\source\engine\native_module_task_mapping.h">
      <Filter>Header Files</Filter>
    </ClInclude>
    <ClInclude Include="..\WaveLang\source\engine\buffer_operations\buffer_operations_utility.h">
      <Filter>Header Files</Filter>
    </ClInclude>
    <ClInclude Include="..\WaveLang\source\engine\buffer_operations\sse_mathfun.h">
      <Filter>Header Files</Filter>
    </ClInclude>
    <ClInclude Include="..\WaveLang\source\common\utility\string_table.h">
      <Filter>Header Files</Filter>
    </ClInclude>
  </ItemGroup>
  <ItemGroup>
    <ClCompile Include="..\WaveLang\source\common\asserts.cpp">
      <Filter>Source Files</Filter>
    </ClCompile>
    <ClCompile Include="..\WaveLang\source\driver\driver_interface.cpp">
      <Filter>Source Files</Filter>
    </ClCompile>
    <ClCompile Include="..\WaveLang\source\execution_graph\execution_graph.cpp">
      <Filter>Source Files</Filter>
    </ClCompile>
    <ClCompile Include="..\WaveLang\source\execution_graph\native_modules.cpp">
      <Filter>Source Files</Filter>
    </ClCompile>
    <ClCompile Include="..\WaveLang\source\runtime\command_line_interface.cpp">
      <Filter>Source Files</Filter>
    </ClCompile>
    <ClCompile Include="..\WaveLang\source\engine\task_functions.cpp">
      <Filter>Source Files</Filter>
    </ClCompile>
    <ClCompile Include="..\WaveLang\source\engine\task_graph.cpp">
      <Filter>Source Files</Filter>
    </ClCompile>
    <ClCompile Include="..\WaveLang\source\engine\predecessor_resolver.cpp">
      <Filter>Source Files</Filter>
    </ClCompile>
    <ClCompile Include="..\WaveLang\source\common\threading\lock_free.cpp">
      <Filter>Source Files</Filter>
    </ClCompile>
    <ClCompile Include="..\WaveLang\source\common\threading\lock_free_pool.cpp">
      <Filter>Source Files</Filter>
    </ClCompile>
    <ClCompile Include="..\WaveLang\source\engine\thread_pool.cpp">
      <Filter>Source Files</Filter>
    </ClCompile>
    <ClCompile Include="..\WaveLang\source\common\threading\condition_variable.cpp">
      <Filter>Source Files</Filter>
    </ClCompile>
    <ClCompile Include="..\WaveLang\source\common\threading\mutex.cpp">
      <Filter>Source Files</Filter>
    </ClCompile>
    <ClCompile Include="..\WaveLang\source\common\threading\semaphore.cpp">
      <Filter>Source Files</Filter>
    </ClCompile>
    <ClCompile Include="..\WaveLang\source\engine\executor.cpp">
      <Filter>Source Files</Filter>
    </ClCompile>
    <ClCompile Include="..\WaveLang\source\engine\buffer_allocator.cpp">
      <Filter>Source Files</Filter>
    </ClCompile>
    <ClCompile Include="..\WaveLang\source\runtime\runtime_context.cpp">
      <Filter>Source Files</Filter>
    </ClCompile>
    <ClCompile Include="..\WaveLang\source\driver\sample_format.cpp">
      <Filter>Source Files</Filter>
    </ClCompile>
    <ClCompile Include="..\WaveLang\source\engine\buffer_operations\buffer_operations.cpp">
      <Filter>Source Files</Filter>
    </ClCompile>
    <ClCompile Include="..\WaveLang\source\engine\channel_mixer.cpp">
      <Filter>Source Files</Filter>
    </ClCompile>
    <ClCompile Include="..\WaveLang\source\engine\native_module_task_mapping.cpp">
      <Filter>Source Files</Filter>
    </ClCompile>
    <ClCompile Include="..\WaveLang\source\common\threading\thread_windows.cpp">
      <Filter>Source Files</Filter>
    </ClCompile>
    <ClCompile Include="..\WaveLang\source\common\threading\thread_fallback.cpp">
      <Filter>Source Files</Filter>
    </ClCompile>
    <ClCompile Include="..\WaveLang\source\common\utility\string_table.cpp">
      <Filter>Source Files</Filter>
    </ClCompile>
  </ItemGroup>
  <ItemGroup>
    <None Include="..\WaveLang\source\common\threading\lock_free_queue.inl">
      <Filter>Header Files</Filter>
    </None>
    <None Include="..\WaveLang\source\common\threading\atomics_windows.inl">
      <Filter>Header Files</Filter>
    </None>
    <None Include="..\WaveLang\source\common\threading\atomics_fallback.inl">
      <Filter>Header Files</Filter>
    </None>
  </ItemGroup>
</Project>