<?xml version="1.0" encoding="utf-8"?>
<Project ToolsVersion="4.0" xmlns="http://schemas.microsoft.com/developer/msbuild/2003">
  <ItemGroup>
    <Filter Include="Source Files">
      <UniqueIdentifier>{4FC737F1-C7A5-4376-A066-2A32D752A2FF}</UniqueIdentifier>
      <Extensions>cpp;c;cc;cxx;def;odl;idl;hpj;bat;asm;asmx</Extensions>
    </Filter>
    <Filter Include="Header Files">
      <UniqueIdentifier>{93995380-89BD-4b04-88EB-625FBE52EBFB}</UniqueIdentifier>
      <Extensions>h;hh;hpp;hxx;hm;inl;inc;xsd</Extensions>
    </Filter>
    <Filter Include="Resource Files">
      <UniqueIdentifier>{67DA6AB6-F800-4c08-8B7A-83BB121AAD01}</UniqueIdentifier>
      <Extensions>rc;ico;cur;bmp;dlg;rc2;rct;bin;rgs;gif;jpg;jpeg;jpe;resx;tiff;tif;png;wav;mfcribbon-ms</Extensions>
    </Filter>
  </ItemGroup>
  <ItemGroup>
    <ClInclude Include="..\WaveLang\source\common\asserts.h">
      <Filter>Header Files</Filter>
    </ClInclude>
    <ClInclude Include="..\WaveLang\source\common\common.h">
      <Filter>Header Files</Filter>
    </ClInclude>
    <ClInclude Include="..\WaveLang\source\common\types.h">
      <Filter>Header Files</Filter>
    </ClInclude>
    <ClInclude Include="..\WaveLang\source\driver\driver_interface.h">
      <Filter>Header Files</Filter>
    </ClInclude>
    <ClInclude Include="..\WaveLang\source\execution_graph\execution_graph.h">
      <Filter>Header Files</Filter>
    </ClInclude>
    <ClInclude Include="..\WaveLang\source\engine\task_graph.h">
      <Filter>Header Files</Filter>
    </ClInclude>
    <ClInclude Include="..\WaveLang\source\engine\predecessor_resolver.h">
      <Filter>Header Files</Filter>
    </ClInclude>
    <ClInclude Include="..\WaveLang\source\common\platform.h">
      <Filter>Header Files</Filter>
    </ClInclude>
    <ClInclude Include="..\WaveLang\source\common\threading\atomics.h">
      <Filter>Header Files</Filter>
    </ClInclude>
    <ClInclude Include="..\WaveLang\source\common\threading\lock_free.h">
      <Filter>Header Files</Filter>
    </ClInclude>
    <ClInclude Include="..\WaveLang\source\common\threading\lock_free_pool.h">
      <Filter>Header Files</Filter>
    </ClInclude>
    <ClInclude Include="..\WaveLang\source\engine\thread_pool.h">
      <Filter>Header Files</Filter>
    </ClInclude>
    <ClInclude Include="..\WaveLang\source\common\threading\lock_free_queue.h">
      <Filter>Header Files</Filter>
    </ClInclude>
    <ClInclude Include="..\WaveLang\source\common\threading\semaphore.h">
      <Filter>Header Files</Filter>
    </ClInclude>
    <ClInclude Include="..\WaveLang\source\common\threading\condition_variable.h">
      <Filter>Header Files</Filter>
    </ClInclude>
    <ClInclude Include="..\WaveLang\source\common\threading\mutex.h">
      <Filter>Header Files</Filter>
    </ClInclude>
    <ClInclude Include="..\WaveLang\source\engine\executor.h">
      <Filter>Header Files</Filter>
    </ClInclude>
    <ClInclude Include="..\WaveLang\source\engine\buffer_allocator.h">
      <Filter>Header Files</Filter>
    </ClInclude>
    <ClInclude Include="..\WaveLang\source\driver\sample_format.h">
      <Filter>Header Files</Filter>
    </ClInclude>
    <ClInclude Include="..\WaveLang\source\engine\buffer_operations\buffer_operations.h">
      <Filter>Header Files</Filter>
    </ClInclude>
    <ClInclude Include="..\WaveLang\source\engine\buffer.h">
      <Filter>Header Files</Filter>
    </ClInclude>
    <ClInclude Include="..\WaveLang\source\engine\channel_mixer.h">
      <Filter>Header Files</Filter>
    </ClInclude>
    <ClInclude Include="..\WaveLang\source\common\utility\string_table.h">
      <Filter>Header Files</Filter>
    </ClInclude>
    <ClInclude Include="..\WaveLang\source\common\utility\file_utility.h">
      <Filter>Header Files</Filter>
    </ClInclude>
    <ClInclude Include="..\WaveLang\source\engine\sample\sample.h">
      <Filter>Header Files</Filter>
    </ClInclude>
    <ClInclude Include="..\WaveLang\source\engine\sample\sample_library.h">
      <Filter>Header Files</Filter>
    </ClInclude>
    <ClInclude Include="..\WaveLang\source\engine\sample\native_samples.h">
      <Filter>Header Files</Filter>
    </ClInclude>
    <ClInclude Include="..\WaveLang\source\engine\math\sse.h">
      <Filter>Header Files</Filter>
    </ClInclude>
    <ClInclude Include="..\WaveLang\source\engine\math\sse_mathfun.h">
      <Filter>Header Files</Filter>
    </ClInclude>
    <ClInclude Include="..\WaveLang\source\common\utility\aligned_allocator.h">
      <Filter>Header Files</Filter>
    </ClInclude>
    <ClInclude Include="..\WaveLang\source\engine\profiler\stopwatch.h">
      <Filter>Header Files</Filter>
    </ClInclude>
    <ClInclude Include="..\WaveLang\source\engine\profiler\profiler.h">
      <Filter>Header Files</Filter>
    </ClInclude>
    <ClInclude Include="..\WaveLang\source\execution_graph\native_module.h">
      <Filter>Header Files</Filter>
    </ClInclude>
    <ClInclude Include="..\WaveLang\source\execution_graph\native_modules\native_module_registration.h">
      <Filter>Header Files</Filter>
    </ClInclude>
    <ClInclude Include="..\WaveLang\source\execution_graph\native_modules\native_modules_basic.h">
      <Filter>Header Files</Filter>
    </ClInclude>
    <ClInclude Include="..\WaveLang\source\execution_graph\native_modules\native_modules_delay.h">
      <Filter>Header Files</Filter>
    </ClInclude>
    <ClInclude Include="..\WaveLang\source\execution_graph\native_modules\native_modules_filter.h">
      <Filter>Header Files</Filter>
    </ClInclude>
    <ClInclude Include="..\WaveLang\source\execution_graph\native_modules\native_modules_sampler.h">
      <Filter>Header Files</Filter>
    </ClInclude>
    <ClInclude Include="..\WaveLang\source\execution_graph\native_modules\native_modules_utility.h">
      <Filter>Header Files</Filter>
    </ClInclude>
    <ClInclude Include="..\WaveLang\source\common\string.h">
      <Filter>Header Files</Filter>
    </ClInclude>
    <ClInclude Include="..\WaveLang\source\engine\task_function.h">
      <Filter>Header Files</Filter>
    </ClInclude>
    <ClInclude Include="..\WaveLang\source\engine\task_functions\task_functions_basic.h">
      <Filter>Header Files</Filter>
    </ClInclude>
    <ClInclude Include="..\WaveLang\source\engine\task_functions\task_functions_delay.h">
      <Filter>Header Files</Filter>
    </ClInclude>
    <ClInclude Include="..\WaveLang\source\engine\task_functions\task_functions_filter.h">
      <Filter>Header Files</Filter>
    </ClInclude>
    <ClInclude Include="..\WaveLang\source\engine\task_functions\task_functions_sampler.h">
      <Filter>Header Files</Filter>
    </ClInclude>
    <ClInclude Include="..\WaveLang\source\engine\task_functions\task_functions_utility.h">
      <Filter>Header Files</Filter>
    </ClInclude>
    <ClInclude Include="..\WaveLang\source\engine\task_functions\task_function_registration.h">
      <Filter>Header Files</Filter>
    </ClInclude>
    <ClInclude Include="..\WaveLang\source\engine\task_function_registry.h">
      <Filter>Header Files</Filter>
    </ClInclude>
    <ClInclude Include="..\WaveLang\source\execution_graph\native_module_registry.h">
      <Filter>Header Files</Filter>
    </ClInclude>
    <ClInclude Include="..\WaveLang\source\execution_graph\native_modules\native_modules_time.h">
      <Filter>Header Files</Filter>
    </ClInclude>
    <ClInclude Include="..\WaveLang\source\engine\task_functions\task_functions_time.h">
      <Filter>Header Files</Filter>
    </ClInclude>
  </ItemGroup>
  <ItemGroup>
    <ClCompile Include="..\WaveLang\source\common\asserts.cpp">
      <Filter>Source Files</Filter>
    </ClCompile>
    <ClCompile Include="..\WaveLang\source\driver\driver_interface.cpp">
      <Filter>Source Files</Filter>
    </ClCompile>
    <ClCompile Include="..\WaveLang\source\execution_graph\execution_graph.cpp">
      <Filter>Source Files</Filter>
    </ClCompile>
    <ClCompile Include="..\WaveLang\source\runtime\command_line_interface.cpp">
      <Filter>Source Files</Filter>
    </ClCompile>
    <ClCompile Include="..\WaveLang\source\engine\task_graph.cpp">
      <Filter>Source Files</Filter>
    </ClCompile>
    <ClCompile Include="..\WaveLang\source\engine\predecessor_resolver.cpp">
      <Filter>Source Files</Filter>
    </ClCompile>
    <ClCompile Include="..\WaveLang\source\common\threading\lock_free.cpp">
      <Filter>Source Files</Filter>
    </ClCompile>
    <ClCompile Include="..\WaveLang\source\common\threading\lock_free_pool.cpp">
      <Filter>Source Files</Filter>
    </ClCompile>
    <ClCompile Include="..\WaveLang\source\engine\thread_pool.cpp">
      <Filter>Source Files</Filter>
    </ClCompile>
    <ClCompile Include="..\WaveLang\source\common\threading\condition_variable.cpp">
      <Filter>Source Files</Filter>
    </ClCompile>
    <ClCompile Include="..\WaveLang\source\common\threading\mutex.cpp">
      <Filter>Source Files</Filter>
    </ClCompile>
    <ClCompile Include="..\WaveLang\source\common\threading\semaphore.cpp">
      <Filter>Source Files</Filter>
    </ClCompile>
    <ClCompile Include="..\WaveLang\source\engine\executor.cpp">
      <Filter>Source Files</Filter>
    </ClCompile>
    <ClCompile Include="..\WaveLang\source\engine\buffer_allocator.cpp">
      <Filter>Source Files</Filter>
    </ClCompile>
    <ClCompile Include="..\WaveLang\source\runtime\runtime_context.cpp">
      <Filter>Source Files</Filter>
    </ClCompile>
    <ClCompile Include="..\WaveLang\source\driver\sample_format.cpp">
      <Filter>Source Files</Filter>
    </ClCompile>
    <ClCompile Include="..\WaveLang\source\engine\buffer_operations\buffer_operations.cpp">
      <Filter>Source Files</Filter>
    </ClCompile>
    <ClCompile Include="..\WaveLang\source\engine\channel_mixer.cpp">
      <Filter>Source Files</Filter>
    </ClCompile>
    <ClCompile Include="..\WaveLang\source\common\threading\thread_windows.cpp">
      <Filter>Source Files</Filter>
    </ClCompile>
    <ClCompile Include="..\WaveLang\source\common\threading\thread_fallback.cpp">
      <Filter>Source Files</Filter>
    </ClCompile>
    <ClCompile Include="..\WaveLang\source\common\utility\string_table.cpp">
      <Filter>Source Files</Filter>
    </ClCompile>
    <ClCompile Include="..\WaveLang\source\common\utility\file_utility.cpp">
      <Filter>Source Files</Filter>
    </ClCompile>
    <ClCompile Include="..\WaveLang\source\engine\sample\sample.cpp">
      <Filter>Source Files</Filter>
    </ClCompile>
    <ClCompile Include="..\WaveLang\source\engine\sample\sample_library.cpp">
      <Filter>Source Files</Filter>
    </ClCompile>
    <ClCompile Include="..\WaveLang\source\engine\sample\native_samples.cpp">
      <Filter>Source Files</Filter>
    </ClCompile>
    <ClCompile Include="..\WaveLang\source\engine\profiler\stopwatch.cpp">
      <Filter>Source Files</Filter>
    </ClCompile>
    <ClCompile Include="..\WaveLang\source\engine\profiler\profiler.cpp">
      <Filter>Source Files</Filter>
    </ClCompile>
    <ClCompile Include="..\WaveLang\source\execution_graph\native_module.cpp">
      <Filter>Source Files</Filter>
    </ClCompile>
    <ClCompile Include="..\WaveLang\source\execution_graph\native_modules\native_module_registration.cpp">
      <Filter>Source Files</Filter>
    </ClCompile>
    <ClCompile Include="..\WaveLang\source\execution_graph\native_modules\native_modules_basic.cpp">
      <Filter>Source Files</Filter>
    </ClCompile>
    <ClCompile Include="..\WaveLang\source\execution_graph\native_modules\native_modules_delay.cpp">
      <Filter>Source Files</Filter>
    </ClCompile>
    <ClCompile Include="..\WaveLang\source\execution_graph\native_modules\native_modules_filter.cpp">
      <Filter>Source Files</Filter>
    </ClCompile>
    <ClCompile Include="..\WaveLang\source\execution_graph\native_modules\native_modules_sampler.cpp">
      <Filter>Source Files</Filter>
    </ClCompile>
    <ClCompile Include="..\WaveLang\source\execution_graph\native_modules\native_modules_utility.cpp">
      <Filter>Source Files</Filter>
    </ClCompile>
    <ClCompile Include="..\WaveLang\source\engine\task_function.cpp">
      <Filter>Source Files</Filter>
    </ClCompile>
    <ClCompile Include="..\WaveLang\source\engine\task_functions\task_functions_basic.cpp">
      <Filter>Source Files</Filter>
    </ClCompile>
    <ClCompile Include="..\WaveLang\source\engine\task_functions\task_functions_delay.cpp">
      <Filter>Source Files</Filter>
    </ClCompile>
    <ClCompile Include="..\WaveLang\source\engine\task_functions\task_functions_filter.cpp">
      <Filter>Source Files</Filter>
    </ClCompile>
    <ClCompile Include="..\WaveLang\source\engine\task_functions\task_functions_sampler.cpp">
      <Filter>Source Files</Filter>
    </ClCompile>
    <ClCompile Include="..\WaveLang\source\engine\task_functions\task_functions_utility.cpp">
      <Filter>Source Files</Filter>
    </ClCompile>
    <ClCompile Include="..\WaveLang\source\engine\task_functions\task_function_registration.cpp">
      <Filter>Source Files</Filter>
    </ClCompile>
    <ClCompile Include="..\WaveLang\source\engine\task_function_registry.cpp">
      <Filter>Source Files</Filter>
    </ClCompile>
    <ClCompile Include="..\WaveLang\source\execution_graph\native_module_registry.cpp">
      <Filter>Source Files</Filter>
    </ClCompile>
    <ClCompile Include="..\WaveLang\source\execution_graph\native_modules\native_modules_time.cpp">
      <Filter>Source Files</Filter>
    </ClCompile>
    <ClCompile Include="..\WaveLang\source\engine\task_functions\task_functions_time.cpp">
      <Filter>Source Files</Filter>
    </ClCompile>
  </ItemGroup>
  <ItemGroup>
    <None Include="..\WaveLang\source\common\threading\lock_free_queue.inl">
      <Filter>Header Files</Filter>
    </None>
    <None Include="..\WaveLang\source\common\threading\atomics_windows.inl">
      <Filter>Header Files</Filter>
    </None>
    <None Include="..\WaveLang\source\common\threading\atomics_fallback.inl">
      <Filter>Header Files</Filter>
    </None>
    <None Include="..\WaveLang\source\engine\sample\native_samples.inl">
      <Filter>Header Files</Filter>
    </None>
    <None Include="..\WaveLang\source\engine\task_functions\sinc_window_coefficients.inl">
      <Filter>Header Files</Filter>
    </None>
  </ItemGroup>
</Project>