<?xml version="1.0" encoding="utf-8"?>
<Project ToolsVersion="4.0" xmlns="http://schemas.microsoft.com/developer/msbuild/2003">
  <ItemGroup>
    <ClCompile Include="instrument.cpp" />
    <ClCompile Include="native_module_registry.cpp" />
    <ClCompile Include="native_modules\native_modules_core.cpp">
      <Filter>native_modules</Filter>
    </ClCompile>
    <ClCompile Include="native_modules\native_modules_delay.cpp">
      <Filter>native_modules</Filter>
    </ClCompile>
    <ClCompile Include="native_modules\native_modules_filter.cpp">
      <Filter>native_modules</Filter>
    </ClCompile>
    <ClCompile Include="native_modules\native_modules_math.cpp">
      <Filter>native_modules</Filter>
    </ClCompile>
    <ClCompile Include="native_modules\native_modules_sampler.cpp">
      <Filter>native_modules</Filter>
    </ClCompile>
    <ClCompile Include="native_modules\native_modules_stream.cpp">
      <Filter>native_modules</Filter>
    </ClCompile>
    <ClCompile Include="native_modules\native_modules_time.cpp">
      <Filter>native_modules</Filter>
    </ClCompile>
    <ClCompile Include="native_modules\native_modules_array.cpp">
      <Filter>native_modules</Filter>
    </ClCompile>
    <ClCompile Include="native_modules\native_modules_controller.cpp">
      <Filter>native_modules</Filter>
    </ClCompile>
    <ClCompile Include="native_modules\native_modules_json.cpp">
      <Filter>native_modules</Filter>
    </ClCompile>
    <ClCompile Include="native_modules\json\json_file.cpp">
      <Filter>native_modules\json</Filter>
    </ClCompile>
    <ClCompile Include="native_modules\json\json_file_manager.cpp">
      <Filter>native_modules\json</Filter>
    </ClCompile>
    <ClCompile Include="native_module_registration.cpp" />
    <ClCompile Include="native_modules\scrape_native_modules.cpp">
      <Filter>native_modules</Filter>
    </ClCompile>
    <ClCompile Include="native_module_graph.cpp" />
    <ClCompile Include="native_modules\native_modules_resampler.cpp">
      <Filter>native_modules</Filter>
    </ClCompile>
    <ClCompile Include="resampler\resampler.cpp">
      <Filter>resampler</Filter>
    </ClCompile>
    <ClCompile Include="native_modules\resampler\resampler.cpp">
      <Filter>native_modules\resampler</Filter>
    </ClCompile>
  </ItemGroup>
  <ItemGroup>
    <ClInclude Include="instrument.h" />
    <ClInclude Include="instrument_constants.h" />
    <ClInclude Include="instrument_globals.h" />
    <ClInclude Include="instrument_stage.h" />
    <ClInclude Include="native_module_registry.h" />
    <ClInclude Include="native_modules\json\json_file.h">
      <Filter>native_modules\json</Filter>
    </ClInclude>
    <ClInclude Include="native_modules\json\json_file_manager.h">
      <Filter>native_modules\json</Filter>
    </ClInclude>
    <ClInclude Include="native_module_registration.h" />
    <ClInclude Include="native_modules\scrape_native_modules.h">
      <Filter>native_modules</Filter>
    </ClInclude>
    <ClInclude Include="graph_node_handle.h" />
    <ClInclude Include="native_module_graph.h" />
    <ClInclude Include="resampler\resampler.h">
      <Filter>resampler</Filter>
    </ClInclude>
    <ClInclude Include="native_modules\resampler\resampler.h">
      <Filter>native_modules\resampler</Filter>
    </ClInclude>
  </ItemGroup>
  <ItemGroup>
    <None Include="SConscript" />
    <None Include="resampler\resampler_parameters.inl">
      <Filter>resampler</Filter>
    </None>
  </ItemGroup>
  <ItemGroup>
    <Filter Include="native_modules">
      <UniqueIdentifier>{a5ad8846-c8fd-4c02-8068-ebb2bf50137c}</UniqueIdentifier>
    </Filter>
    <Filter Include="native_modules\json">
      <UniqueIdentifier>{0228d4a3-ebdf-4c6b-8f1f-b928aa49a025}</UniqueIdentifier>
    </Filter>
    <Filter Include="resampler">
      <UniqueIdentifier>{65b544a8-0773-4343-aba8-29841add1204}</UniqueIdentifier>
    </Filter>
    <Filter Include="native_modules\resampler">
      <UniqueIdentifier>{f9a92b3c-8ecd-41fe-b3a7-fd74f12890f4}</UniqueIdentifier>
    </Filter>
  </ItemGroup>
  <ItemGroup>
    <Natvis Include="..\natvis\project.natvis" />
  </ItemGroup>
</Project>