<?xml version="1.0" encoding="utf-8"?>
<Project ToolsVersion="4.0" xmlns="http://schemas.microsoft.com/developer/msbuild/2003">
  <ItemGroup>
    <Natvis Include="..\natvis\project.natvis" />
  </ItemGroup>
  <ItemGroup>
    <None Include="SConscript" />
  </ItemGroup>
  <ItemGroup>
    <ClInclude Include="lr_parser_generator.h" />
    <ClInclude Include="grammar_parser.h" />
    <ClInclude Include="grammar_lexer.h" />
    <ClInclude Include="grammar.h" />
    <ClInclude Include="visitor_class_generator.h" />
  </ItemGroup>
  <ItemGroup>
    <ClCompile Include="lr_parser_generator.cpp" />
    <ClCompile Include="parser_generator_main.cpp" />
    <ClCompile Include="grammar_parser.cpp" />
    <ClCompile Include="grammar_lexer.cpp" />
    <ClCompile Include="visitor_class_generator.cpp" />
  </ItemGroup>
  <ItemGroup>
    <Text Include="parser_rules.txt" />
  </ItemGroup>
</Project>