<?xml version="1.0" encoding="utf-8"?>
<Project ToolsVersion="4.0" xmlns="http://schemas.microsoft.com/developer/msbuild/2003">
  <ItemGroup>
    <ClInclude Include="compiler.h" />
    <ClInclude Include="lr_parser.h" />
    <ClInclude Include="token.h" />
    <ClInclude Include="compiler_context.h" />
    <ClInclude Include="source_file.h" />
    <ClInclude Include="ast\node_scope.h">
      <Filter>ast</Filter>
    </ClInclude>
    <ClInclude Include="ast\nodes.h">
      <Filter>ast</Filter>
    </ClInclude>
    <ClInclude Include="ast\node.h">
      <Filter>ast</Filter>
    </ClInclude>
    <ClInclude Include="ast\node_declaration.h">
      <Filter>ast</Filter>
    </ClInclude>
    <ClInclude Include="ast\node_module_declaration.h">
      <Filter>ast</Filter>
    </ClInclude>
    <ClInclude Include="ast\data_type.h">
      <Filter>ast</Filter>
    </ClInclude>
    <ClInclude Include="ast\node_scope_item.h">
      <Filter>ast</Filter>
    </ClInclude>
    <ClInclude Include="ast\node_value_declaration.h">
      <Filter>ast</Filter>
    </ClInclude>
    <ClInclude Include="ast\node_expression.h">
      <Filter>ast</Filter>
    </ClInclude>
    <ClInclude Include="ast\node_expression_placeholder.h">
      <Filter>ast</Filter>
    </ClInclude>
    <ClInclude Include="ast\node_literal.h">
      <Filter>ast</Filter>
    </ClInclude>
    <ClInclude Include="ast\node_module_call.h">
      <Filter>ast</Filter>
    </ClInclude>
    <ClInclude Include="ast\node_array.h">
      <Filter>ast</Filter>
    </ClInclude>
    <ClInclude Include="ast\node_module_declaration_argument.h">
      <Filter>ast</Filter>
    </ClInclude>
    <ClInclude Include="ast\node_module_call_argument.h">
      <Filter>ast</Filter>
    </ClInclude>
    <ClInclude Include="tracked_scope.h" />
    <ClInclude Include="ast\node_declaration_reference.h">
      <Filter>ast</Filter>
    </ClInclude>
    <ClInclude Include="ast\node_namespace_declaration.h">
      <Filter>ast</Filter>
    </ClInclude>
    <ClInclude Include="ast\node_convert.h">
      <Filter>ast</Filter>
    </ClInclude>
    <ClInclude Include="ast\node_if_statement.h">
      <Filter>ast</Filter>
    </ClInclude>
    <ClInclude Include="ast\node_for_loop.h">
      <Filter>ast</Filter>
    </ClInclude>
    <ClInclude Include="ast\node_return_statement.h">
      <Filter>ast</Filter>
    </ClInclude>
    <ClInclude Include="ast\node_expression_statement.h">
      <Filter>ast</Filter>
    </ClInclude>
    <ClInclude Include="ast\node_assignment_statement.h">
      <Filter>ast</Filter>
    </ClInclude>
    <ClInclude Include="components\instrument_globals_parser.h">
      <Filter>components</Filter>
    </ClInclude>
    <ClInclude Include="components\lexer.h">
      <Filter>components</Filter>
    </ClInclude>
    <ClInclude Include="components\parser.h">
      <Filter>components</Filter>
    </ClInclude>
    <ClInclude Include="components\ast_builder.h">
      <Filter>components</Filter>
    </ClInclude>
    <ClInclude Include="components\ast_builder_types.h">
      <Filter>components</Filter>
    </ClInclude>
    <ClInclude Include="components\importer.h">
      <Filter>components</Filter>
    </ClInclude>
    <ClInclude Include="components\entry_point_extractor.h">
      <Filter>components</Filter>
    </ClInclude>
    <ClInclude Include="components\instrument_variant_builder.h">
      <Filter>components</Filter>
    </ClInclude>
    <ClInclude Include="ast\node_subscript.h">
      <Filter>ast</Filter>
    </ClInclude>
    <ClInclude Include="graph_trimmer.h" />
    <ClInclude Include="ast\node_break_statement.h">
      <Filter>ast</Filter>
    </ClInclude>
    <ClInclude Include="ast\node_continue_statement.h">
      <Filter>ast</Filter>
    </ClInclude>
    <ClInclude Include="try_call_native_module.h" />
    <ClInclude Include="components\instrument_variant_optimizer.h">
      <Filter>components</Filter>
    </ClInclude>
    <ClInclude Include="optimization_rule_applicator.h" />
    <ClInclude Include="source_location.h" />
  </ItemGroup>
  <ItemGroup>
    <ClCompile Include="compiler.cpp" />
    <ClCompile Include="lr_parser.cpp" />
    <ClCompile Include="compiler_context.cpp" />
    <ClCompile Include="wavelang_grammar.cpp" />
    <ClCompile Include="token.cpp" />
    <ClCompile Include="ast\node.cpp">
      <Filter>ast</Filter>
    </ClCompile>
    <ClCompile Include="ast\node_declaration.cpp">
      <Filter>ast</Filter>
    </ClCompile>
    <ClCompile Include="ast\node_module_declaration.cpp">
      <Filter>ast</Filter>
    </ClCompile>
    <ClCompile Include="ast\node_scope.cpp">
      <Filter>ast</Filter>
    </ClCompile>
    <ClCompile Include="ast\data_type.cpp">
      <Filter>ast</Filter>
    </ClCompile>
    <ClCompile Include="ast\node_scope_item.cpp">
      <Filter>ast</Filter>
    </ClCompile>
    <ClCompile Include="ast\node_value_declaration.cpp">
      <Filter>ast</Filter>
    </ClCompile>
    <ClCompile Include="ast\node_expression.cpp">
      <Filter>ast</Filter>
    </ClCompile>
    <ClCompile Include="ast\node_expression_placeholder.cpp">
      <Filter>ast</Filter>
    </ClCompile>
    <ClCompile Include="ast\node_literal.cpp">
      <Filter>ast</Filter>
    </ClCompile>
    <ClCompile Include="ast\node_module_call.cpp">
      <Filter>ast</Filter>
    </ClCompile>
    <ClCompile Include="ast\node_array.cpp">
      <Filter>ast</Filter>
    </ClCompile>
    <ClCompile Include="ast\node_module_declaration_argument.cpp">
      <Filter>ast</Filter>
    </ClCompile>
    <ClCompile Include="ast\node_module_call_argument.cpp">
      <Filter>ast</Filter>
    </ClCompile>
    <ClCompile Include="tracked_scope.cpp" />
    <ClCompile Include="ast\node_declaration_reference.cpp">
      <Filter>ast</Filter>
    </ClCompile>
    <ClCompile Include="ast\node_namespace_declaration.cpp">
      <Filter>ast</Filter>
    </ClCompile>
    <ClCompile Include="ast\node_convert.cpp">
      <Filter>ast</Filter>
    </ClCompile>
    <ClCompile Include="ast\node_if_statement.cpp">
      <Filter>ast</Filter>
    </ClCompile>
    <ClCompile Include="ast\node_for_loop.cpp">
      <Filter>ast</Filter>
    </ClCompile>
    <ClCompile Include="ast\node_return_statement.cpp">
      <Filter>ast</Filter>
    </ClCompile>
    <ClCompile Include="ast\node_expression_statement.cpp">
      <Filter>ast</Filter>
    </ClCompile>
    <ClCompile Include="ast\node_assignment_statement.cpp">
      <Filter>ast</Filter>
    </ClCompile>
    <ClCompile Include="components\lexer.cpp">
      <Filter>components</Filter>
    </ClCompile>
    <ClCompile Include="components\parser.cpp">
      <Filter>components</Filter>
    </ClCompile>
    <ClCompile Include="components\ast_builder.cpp">
      <Filter>components</Filter>
    </ClCompile>
    <ClCompile Include="components\importer.cpp">
      <Filter>components</Filter>
    </ClCompile>
    <ClCompile Include="components\instrument_globals_parser.cpp">
      <Filter>components</Filter>
    </ClCompile>
    <ClCompile Include="components\entry_point_extractor.cpp">
      <Filter>components</Filter>
    </ClCompile>
    <ClCompile Include="components\instrument_variant_builder.cpp">
      <Filter>components</Filter>
    </ClCompile>
    <ClCompile Include="ast\node_subscript.cpp">
      <Filter>ast</Filter>
    </ClCompile>
    <ClCompile Include="graph_trimmer.cpp" />
    <ClCompile Include="ast\node_continue_statement.cpp">
      <Filter>ast</Filter>
    </ClCompile>
    <ClCompile Include="ast\node_break_statement.cpp">
      <Filter>ast</Filter>
    </ClCompile>
    <ClCompile Include="try_call_native_module.cpp" />
    <ClCompile Include="components\instrument_variant_optimizer.cpp">
      <Filter>components</Filter>
    </ClCompile>
    <ClCompile Include="optimization_rule_applicator.cpp" />
    <ClCompile Include="source_file.cpp" />
  </ItemGroup>
  <ItemGroup>
    <None Include="SConscript" />
  </ItemGroup>
  <ItemGroup>
    <Filter Include="ast">
      <UniqueIdentifier>{2217f3da-2d0d-49f4-ace8-e0bd8cf95f4e}</UniqueIdentifier>
    </Filter>
    <Filter Include="components">
      <UniqueIdentifier>{d30f01a6-6508-4ac4-bd73-f02023cde0a0}</UniqueIdentifier>
    </Filter>
  </ItemGroup>
  <ItemGroup>
    <Natvis Include="..\natvis\project.natvis" />
  </ItemGroup>
</Project>