<?xml version="1.0" encoding="utf-8"?>
<Project ToolsVersion="4.0" xmlns="http://schemas.microsoft.com/developer/msbuild/2003">
  <ItemGroup>
    <ClCompile Include="runtime_config.cpp" />
    <ClCompile Include="runtime_context.cpp" />
    <ClCompile Include="command_line_interface.cpp" />
    <ClCompile Include="driver\controller_driver_midi.cpp">
      <Filter>driver</Filter>
    </ClCompile>
    <ClCompile Include="driver\audio_driver_interface.cpp">
      <Filter>driver</Filter>
    </ClCompile>
    <ClCompile Include="driver\controller_driver_interface.cpp">
      <Filter>driver</Filter>
    </ClCompile>
  </ItemGroup>
  <ItemGroup>
    <ClInclude Include="runtime_config.h" />
    <ClInclude Include="runtime_context.h" />
    <ClInclude Include="rapidxml_ext.h" />
    <ClInclude Include="driver\controller_driver_interface.h">
      <Filter>driver</Filter>
    </ClInclude>
    <ClInclude Include="driver\controller_driver_midi.h">
      <Filter>driver</Filter>
    </ClInclude>
    <ClInclude Include="driver\audio_driver_interface.h">
      <Filter>driver</Filter>
    </ClInclude>
    <ClInclude Include="driver\controller_driver.h">
      <Filter>driver</Filter>
    </ClInclude>
  </ItemGroup>
  <ItemGroup>
    <None Include="SConscript" />
  </ItemGroup>
  <ItemGroup>
    <Natvis Include="..\natvis\project.natvis" />
  </ItemGroup>
  <ItemGroup>
    <Filter Include="driver">
      <UniqueIdentifier>{7abc9759-1960-43d3-a81e-4ebcdbc8535f}</UniqueIdentifier>
    </Filter>
  </ItemGroup>
</Project>