<?xml version="1.0" encoding="utf-8"?>
<Project ToolsVersion="4.0" xmlns="http://schemas.microsoft.com/developer/msbuild/2003">
  <ItemGroup>
    <ClInclude Include="task_function_registration_generator.h" />
    <ClInclude Include="annotation_collection.h" />
    <ClInclude Include="ast_visitor.h" />
    <ClInclude Include="diagnostic.h" />
    <ClInclude Include="native_module_registration_generator.h" />
    <ClInclude Include="scraper_result.h" />
  </ItemGroup>
  <ItemGroup>
    <ClCompile Include="annotation_collection.cpp" />
    <ClCompile Include="ast_visitor.cpp" />
    <ClCompile Include="diagnostic.cpp" />
    <ClCompile Include="native_module_registration_generator.cpp" />
    <ClCompile Include="scraper_main.cpp" />
    <ClCompile Include="scraper_result.cpp" />
    <ClCompile Include="task_function_registration_generator.cpp" />
  </ItemGroup>
  <ItemGroup>
    <None Include="SConscript" />
  </ItemGroup>
</Project>