
Microsoft Visual Studio Solution File, Format Version 12.00
# Visual Studio Version 16
VisualStudioVersion = 16.0.29424.173
MinimumVisualStudioVersion = 10.0.40219.1
Project("{8BC9CEB8-8B4A-11D0-8D11-00A0C91BC942}") = "common", "common\common.vcxproj", "{13CB314D-844A-42D4-BA73-0D8F4841C96F}"
EndProject
Project("{8BC9CEB8-8B4A-11D0-8D11-00A0C91BC942}") = "compiler", "compiler\compiler.vcxproj", "{33EC9111-5900-4E3F-A3BC-A0D912AFE133}"
EndProject
Project("{8BC9CEB8-8B4A-11D0-8D11-00A0C91BC942}") = "console", "console\console.vcxproj", "{6FA57933-2FBC-4F1C-B1FF-DFFB4A902E78}"
EndProject
Project("{8BC9CEB8-8B4A-11D0-8D11-00A0C91BC942}") = "engine", "engine\engine.vcxproj", "{1DF80208-7675-4E3D-85BB-21F3107107F6}"
EndProject
Project("{8BC9CEB8-8B4A-11D0-8D11-00A0C91BC942}") = "instrument", "instrument\instrument.vcxproj", "{F1681AAC-4017-40DC-870A-219F62B8D265}"
EndProject
Project("{8BC9CEB8-8B4A-11D0-8D11-00A0C91BC942}") = "runtime", "runtime\runtime.vcxproj", "{01922655-9D92-4AC4-B074-4A1282AF3CA6}"
EndProject
Project("{8BC9CEB8-8B4A-11D0-8D11-00A0C91BC942}") = "unit_tests", "unit_tests\unit_tests.vcxproj", "{32DD3AAC-2291-4FC3-9615-E59DADA3DC61}"
EndProject
Project("{8BC9CEB8-8B4A-11D0-8D11-00A0C91BC942}") = "parser_generator", "parser_generator\parser_generator.vcxproj", "{56BF9147-8AE9-43E8-A5E0-00E2898F32B7}"
EndProject
Project("{8BC9CEB8-8B4A-11D0-8D11-00A0C91BC942}") = "native_module", "native_module\native_module.vcxproj", "{1759D96C-FD5A-48BC-8CA0-086A91A53602}"
EndProject
Project("{8BC9CEB8-8B4A-11D0-8D11-00A0C91BC942}") = "task_function", "task_function\task_function.vcxproj", "{02D68D40-F93C-44EC-9A39-CE35B8D23E91}"
EndProject
Project("{8BC9CEB8-8B4A-11D0-8D11-00A0C91BC942}") = "compiler_app", "compiler_app\compiler_app.vcxproj", "{07E3B736-C300-411A-B162-A838678B93A2}"
EndProject
Global
	GlobalSection(SolutionConfigurationPlatforms) = preSolution
		debug|x64 = debug|x64
		development|x64 = development|x64
		release|x64 = release|x64
	EndGlobalSection
	GlobalSection(ProjectConfigurationPlatforms) = postSolution
		{13CB314D-844A-42D4-BA73-0D8F4841C96F}.debug|x64.ActiveCfg = debug|x64
		{13CB314D-844A-42D4-BA73-0D8F4841C96F}.debug|x64.Build.0 = debug|x64
		{13CB314D-844A-42D4-BA73-0D8F4841C96F}.development|x64.ActiveCfg = development|x64
		{13CB314D-844A-42D4-BA73-0D8F4841C96F}.development|x64.Build.0 = development|x64
		{13CB314D-844A-42D4-BA73-0D8F4841C96F}.release|x64.ActiveCfg = release|x64
		{13CB314D-844A-42D4-BA73-0D8F4841C96F}.release|x64.Build.0 = release|x64
		{33EC9111-5900-4E3F-A3BC-A0D912AFE133}.debug|x64.ActiveCfg = debug|x64
		{33EC9111-5900-4E3F-A3BC-A0D912AFE133}.debug|x64.Build.0 = debug|x64
		{33EC9111-5900-4E3F-A3BC-A0D912AFE133}.development|x64.ActiveCfg = development|x64
		{33EC9111-5900-4E3F-A3BC-A0D912AFE133}.development|x64.Build.0 = development|x64
		{33EC9111-5900-4E3F-A3BC-A0D912AFE133}.release|x64.ActiveCfg = release|x64
		{33EC9111-5900-4E3F-A3BC-A0D912AFE133}.release|x64.Build.0 = release|x64
		{6FA57933-2FBC-4F1C-B1FF-DFFB4A902E78}.debug|x64.ActiveCfg = debug|x64
		{6FA57933-2FBC-4F1C-B1FF-DFFB4A902E78}.debug|x64.Build.0 = debug|x64
		{6FA57933-2FBC-4F1C-B1FF-DFFB4A902E78}.development|x64.ActiveCfg = development|x64
		{6FA57933-2FBC-4F1C-B1FF-DFFB4A902E78}.development|x64.Build.0 = development|x64
		{6FA57933-2FBC-4F1C-B1FF-DFFB4A902E78}.release|x64.ActiveCfg = release|x64
		{6FA57933-2FBC-4F1C-B1FF-DFFB4A902E78}.release|x64.Build.0 = release|x64
		{1DF80208-7675-4E3D-85BB-21F3107107F6}.debug|x64.ActiveCfg = debug|x64
		{1DF80208-7675-4E3D-85BB-21F3107107F6}.debug|x64.Build.0 = debug|x64
		{1DF80208-7675-4E3D-85BB-21F3107107F6}.development|x64.ActiveCfg = development|x64
		{1DF80208-7675-4E3D-85BB-21F3107107F6}.development|x64.Build.0 = development|x64
		{1DF80208-7675-4E3D-85BB-21F3107107F6}.release|x64.ActiveCfg = release|x64
		{1DF80208-7675-4E3D-85BB-21F3107107F6}.release|x64.Build.0 = release|x64
		{F1681AAC-4017-40DC-870A-219F62B8D265}.debug|x64.ActiveCfg = debug|x64
		{F1681AAC-4017-40DC-870A-219F62B8D265}.debug|x64.Build.0 = debug|x64
		{F1681AAC-4017-40DC-870A-219F62B8D265}.development|x64.ActiveCfg = development|x64
		{F1681AAC-4017-40DC-870A-219F62B8D265}.development|x64.Build.0 = development|x64
		{F1681AAC-4017-40DC-870A-219F62B8D265}.release|x64.ActiveCfg = release|x64
		{F1681AAC-4017-40DC-870A-219F62B8D265}.release|x64.Build.0 = release|x64
		{01922655-9D92-4AC4-B074-4A1282AF3CA6}.debug|x64.ActiveCfg = debug|x64
		{01922655-9D92-4AC4-B074-4A1282AF3CA6}.debug|x64.Build.0 = debug|x64
		{01922655-9D92-4AC4-B074-4A1282AF3CA6}.development|x64.ActiveCfg = development|x64
		{01922655-9D92-4AC4-B074-4A1282AF3CA6}.development|x64.Build.0 = development|x64
		{01922655-9D92-4AC4-B074-4A1282AF3CA6}.release|x64.ActiveCfg = release|x64
		{01922655-9D92-4AC4-B074-4A1282AF3CA6}.release|x64.Build.0 = release|x64
		{32DD3AAC-2291-4FC3-9615-E59DADA3DC61}.debug|x64.ActiveCfg = debug|x64
		{32DD3AAC-2291-4FC3-9615-E59DADA3DC61}.debug|x64.Build.0 = debug|x64
		{32DD3AAC-2291-4FC3-9615-E59DADA3DC61}.development|x64.ActiveCfg = development|x64
		{32DD3AAC-2291-4FC3-9615-E59DADA3DC61}.development|x64.Build.0 = development|x64
		{32DD3AAC-2291-4FC3-9615-E59DADA3DC61}.release|x64.ActiveCfg = release|x64
		{32DD3AAC-2291-4FC3-9615-E59DADA3DC61}.release|x64.Build.0 = release|x64
		{56BF9147-8AE9-43E8-A5E0-00E2898F32B7}.debug|x64.ActiveCfg = debug|x64
		{56BF9147-8AE9-43E8-A5E0-00E2898F32B7}.debug|x64.Build.0 = debug|x64
		{56BF9147-8AE9-43E8-A5E0-00E2898F32B7}.development|x64.ActiveCfg = development|x64
		{56BF9147-8AE9-43E8-A5E0-00E2898F32B7}.development|x64.Build.0 = development|x64
		{56BF9147-8AE9-43E8-A5E0-00E2898F32B7}.release|x64.ActiveCfg = release|x64
		{56BF9147-8AE9-43E8-A5E0-00E2898F32B7}.release|x64.Build.0 = release|x64
		{1759D96C-FD5A-48BC-8CA0-086A91A53602}.debug|x64.ActiveCfg = debug|x64
		{1759D96C-FD5A-48BC-8CA0-086A91A53602}.debug|x64.Build.0 = debug|x64
		{1759D96C-FD5A-48BC-8CA0-086A91A53602}.development|x64.ActiveCfg = development|x64
		{1759D96C-FD5A-48BC-8CA0-086A91A53602}.development|x64.Build.0 = development|x64
		{1759D96C-FD5A-48BC-8CA0-086A91A53602}.release|x64.ActiveCfg = release|x64
		{1759D96C-FD5A-48BC-8CA0-086A91A53602}.release|x64.Build.0 = release|x64
		{02D68D40-F93C-44EC-9A39-CE35B8D23E91}.debug|x64.ActiveCfg = debug|x64
		{02D68D40-F93C-44EC-9A39-CE35B8D23E91}.debug|x64.Build.0 = debug|x64
		{02D68D40-F93C-44EC-9A39-CE35B8D23E91}.development|x64.ActiveCfg = development|x64
		{02D68D40-F93C-44EC-9A39-CE35B8D23E91}.development|x64.Build.0 = development|x64
		{02D68D40-F93C-44EC-9A39-CE35B8D23E91}.release|x64.ActiveCfg = release|x64
		{02D68D40-F93C-44EC-9A39-CE35B8D23E91}.release|x64.Build.0 = release|x64
		{07E3B736-C300-411A-B162-A838678B93A2}.debug|x64.ActiveCfg = debug|x64
		{07E3B736-C300-411A-B162-A838678B93A2}.debug|x64.Build.0 = debug|x64
		{07E3B736-C300-411A-B162-A838678B93A2}.development|x64.ActiveCfg = development|x64
		{07E3B736-C300-411A-B162-A838678B93A2}.development|x64.Build.0 = development|x64
		{07E3B736-C300-411A-B162-A838678B93A2}.release|x64.ActiveCfg = release|x64
		{07E3B736-C300-411A-B162-A838678B93A2}.release|x64.Build.0 = release|x64
	EndGlobalSection
	GlobalSection(SolutionProperties) = preSolution
		HideSolutionNode = FALSE
	EndGlobalSection
	GlobalSection(ExtensibilityGlobals) = postSolution
		SolutionGuid = {155A5F01-AD4C-4D3E-8845-12A26DAB764E}
	EndGlobalSection
EndGlobal
